
Microsoft Visual Studio Solution File, Format Version 12.00
# Visual Studio 2012
Project("{FAE04EC0-301F-11D3-BF4B-00C04F79EFBC}") = "App1", "App1\App1.csproj", "{15F5D020-AAF9-45C5-953E-1A2496CF2F4D}"
EndProject
Project("{FAE04EC0-301F-11D3-BF4B-00C04F79EFBC}") = "App2", "App2\App2.csproj", "{884E1AEE-A87E-49C9-8A45-F128E14EB3D9}"
EndProject
Project("{262852C6-CD72-467D-83FE-5EEB1973A190}") = "App3", "App3\App3.jsproj", "{75F141AA-7B36-486C-8F56-55B1D1D0AC68}"
EndProject
Project("{FAE04EC0-301F-11D3-BF4B-00C04F79EFBC}") = "ConsoleApplication1", "ConsoleApplication1\ConsoleApplication1.csproj", "{D0083E15-675E-426E-9ABF-FBFE57C9A649}"
EndProject
Project("{FAE04EC0-301F-11D3-BF4B-00C04F79EFBC}") = "ConsoleApplication2", "ConsoleApplication2\ConsoleApplication2.csproj", "{A942D87C-122B-4F4C-B736-D3B0DE195093}"
EndProject
Global
	GlobalSection(SolutionConfigurationPlatforms) = preSolution
		Debug|Any CPU = Debug|Any CPU
		Debug|ARM = Debug|ARM
		Debug|x64 = Debug|x64
		Debug|x86 = Debug|x86
		Release|Any CPU = Release|Any CPU
		Release|ARM = Release|ARM
		Release|x64 = Release|x64
		Release|x86 = Release|x86
	EndGlobalSection
	GlobalSection(ProjectConfigurationPlatforms) = postSolution
		{15F5D020-AAF9-45C5-953E-1A2496CF2F4D}.Debug|Any CPU.ActiveCfg = Debug|Any CPU
		{15F5D020-AAF9-45C5-953E-1A2496CF2F4D}.Debug|Any CPU.Build.0 = Debug|Any CPU
		{15F5D020-AAF9-45C5-953E-1A2496CF2F4D}.Debug|Any CPU.Deploy.0 = Debug|Any CPU
		{15F5D020-AAF9-45C5-953E-1A2496CF2F4D}.Debug|ARM.ActiveCfg = Debug|ARM
		{15F5D020-AAF9-45C5-953E-1A2496CF2F4D}.Debug|ARM.Build.0 = Debug|ARM
		{15F5D020-AAF9-45C5-953E-1A2496CF2F4D}.Debug|ARM.Deploy.0 = Debug|ARM
		{15F5D020-AAF9-45C5-953E-1A2496CF2F4D}.Debug|x64.ActiveCfg = Debug|x64
		{15F5D020-AAF9-45C5-953E-1A2496CF2F4D}.Debug|x64.Build.0 = Debug|x64
		{15F5D020-AAF9-45C5-953E-1A2496CF2F4D}.Debug|x64.Deploy.0 = Debug|x64
		{15F5D020-AAF9-45C5-953E-1A2496CF2F4D}.Debug|x86.ActiveCfg = Debug|x86
		{15F5D020-AAF9-45C5-953E-1A2496CF2F4D}.Debug|x86.Build.0 = Debug|x86
		{15F5D020-AAF9-45C5-953E-1A2496CF2F4D}.Debug|x86.Deploy.0 = Debug|x86
		{15F5D020-AAF9-45C5-953E-1A2496CF2F4D}.Release|Any CPU.ActiveCfg = Release|Any CPU
		{15F5D020-AAF9-45C5-953E-1A2496CF2F4D}.Release|Any CPU.Build.0 = Release|Any CPU
		{15F5D020-AAF9-45C5-953E-1A2496CF2F4D}.Release|Any CPU.Deploy.0 = Release|Any CPU
		{15F5D020-AAF9-45C5-953E-1A2496CF2F4D}.Release|ARM.ActiveCfg = Release|ARM
		{15F5D020-AAF9-45C5-953E-1A2496CF2F4D}.Release|ARM.Build.0 = Release|ARM
		{15F5D020-AAF9-45C5-953E-1A2496CF2F4D}.Release|ARM.Deploy.0 = Release|ARM
		{15F5D020-AAF9-45C5-953E-1A2496CF2F4D}.Release|x64.ActiveCfg = Release|x64
		{15F5D020-AAF9-45C5-953E-1A2496CF2F4D}.Release|x64.Build.0 = Release|x64
		{15F5D020-AAF9-45C5-953E-1A2496CF2F4D}.Release|x64.Deploy.0 = Release|x64
		{15F5D020-AAF9-45C5-953E-1A2496CF2F4D}.Release|x86.ActiveCfg = Release|x86
		{15F5D020-AAF9-45C5-953E-1A2496CF2F4D}.Release|x86.Build.0 = Release|x86
		{15F5D020-AAF9-45C5-953E-1A2496CF2F4D}.Release|x86.Deploy.0 = Release|x86
		{884E1AEE-A87E-49C9-8A45-F128E14EB3D9}.Debug|Any CPU.ActiveCfg = Debug|Any CPU
		{884E1AEE-A87E-49C9-8A45-F128E14EB3D9}.Debug|Any CPU.Build.0 = Debug|Any CPU
		{884E1AEE-A87E-49C9-8A45-F128E14EB3D9}.Debug|Any CPU.Deploy.0 = Debug|Any CPU
		{884E1AEE-A87E-49C9-8A45-F128E14EB3D9}.Debug|ARM.ActiveCfg = Debug|ARM
		{884E1AEE-A87E-49C9-8A45-F128E14EB3D9}.Debug|ARM.Build.0 = Debug|ARM
		{884E1AEE-A87E-49C9-8A45-F128E14EB3D9}.Debug|ARM.Deploy.0 = Debug|ARM
		{884E1AEE-A87E-49C9-8A45-F128E14EB3D9}.Debug|x64.ActiveCfg = Debug|x64
		{884E1AEE-A87E-49C9-8A45-F128E14EB3D9}.Debug|x64.Build.0 = Debug|x64
		{884E1AEE-A87E-49C9-8A45-F128E14EB3D9}.Debug|x64.Deploy.0 = Debug|x64
		{884E1AEE-A87E-49C9-8A45-F128E14EB3D9}.Debug|x86.ActiveCfg = Debug|x86
		{884E1AEE-A87E-49C9-8A45-F128E14EB3D9}.Debug|x86.Build.0 = Debug|x86
		{884E1AEE-A87E-49C9-8A45-F128E14EB3D9}.Debug|x86.Deploy.0 = Debug|x86
		{884E1AEE-A87E-49C9-8A45-F128E14EB3D9}.Release|Any CPU.ActiveCfg = Release|Any CPU
		{884E1AEE-A87E-49C9-8A45-F128E14EB3D9}.Release|Any CPU.Build.0 = Release|Any CPU
		{884E1AEE-A87E-49C9-8A45-F128E14EB3D9}.Release|Any CPU.Deploy.0 = Release|Any CPU
		{884E1AEE-A87E-49C9-8A45-F128E14EB3D9}.Release|ARM.ActiveCfg = Release|ARM
		{884E1AEE-A87E-49C9-8A45-F128E14EB3D9}.Release|ARM.Build.0 = Release|ARM
		{884E1AEE-A87E-49C9-8A45-F128E14EB3D9}.Release|ARM.Deploy.0 = Release|ARM
		{884E1AEE-A87E-49C9-8A45-F128E14EB3D9}.Release|x64.ActiveCfg = Release|x64
		{884E1AEE-A87E-49C9-8A45-F128E14EB3D9}.Release|x64.Build.0 = Release|x64
		{884E1AEE-A87E-49C9-8A45-F128E14EB3D9}.Release|x64.Deploy.0 = Release|x64
		{884E1AEE-A87E-49C9-8A45-F128E14EB3D9}.Release|x86.ActiveCfg = Release|x86
		{884E1AEE-A87E-49C9-8A45-F128E14EB3D9}.Release|x86.Build.0 = Release|x86
		{884E1AEE-A87E-49C9-8A45-F128E14EB3D9}.Release|x86.Deploy.0 = Release|x86
		{75F141AA-7B36-486C-8F56-55B1D1D0AC68}.Debug|Any CPU.ActiveCfg = Debug|Any CPU
		{75F141AA-7B36-486C-8F56-55B1D1D0AC68}.Debug|Any CPU.Build.0 = Debug|Any CPU
		{75F141AA-7B36-486C-8F56-55B1D1D0AC68}.Debug|Any CPU.Deploy.0 = Debug|Any CPU
		{75F141AA-7B36-486C-8F56-55B1D1D0AC68}.Debug|ARM.ActiveCfg = Debug|ARM
		{75F141AA-7B36-486C-8F56-55B1D1D0AC68}.Debug|ARM.Build.0 = Debug|ARM
		{75F141AA-7B36-486C-8F56-55B1D1D0AC68}.Debug|ARM.Deploy.0 = Debug|ARM
		{75F141AA-7B36-486C-8F56-55B1D1D0AC68}.Debug|x64.ActiveCfg = Debug|x64
		{75F141AA-7B36-486C-8F56-55B1D1D0AC68}.Debug|x64.Build.0 = Debug|x64
		{75F141AA-7B36-486C-8F56-55B1D1D0AC68}.Debug|x64.Deploy.0 = Debug|x64
		{75F141AA-7B36-486C-8F56-55B1D1D0AC68}.Debug|x86.ActiveCfg = Debug|x86
		{75F141AA-7B36-486C-8F56-55B1D1D0AC68}.Debug|x86.Build.0 = Debug|x86
		{75F141AA-7B36-486C-8F56-55B1D1D0AC68}.Debug|x86.Deploy.0 = Debug|x86
		{75F141AA-7B36-486C-8F56-55B1D1D0AC68}.Release|Any CPU.ActiveCfg = Release|Any CPU
		{75F141AA-7B36-486C-8F56-55B1D1D0AC68}.Release|Any CPU.Build.0 = Release|Any CPU
		{75F141AA-7B36-486C-8F56-55B1D1D0AC68}.Release|Any CPU.Deploy.0 = Release|Any CPU
		{75F141AA-7B36-486C-8F56-55B1D1D0AC68}.Release|ARM.ActiveCfg = Release|ARM
		{75F141AA-7B36-486C-8F56-55B1D1D0AC68}.Release|ARM.Build.0 = Release|ARM
		{75F141AA-7B36-486C-8F56-55B1D1D0AC68}.Release|ARM.Deploy.0 = Release|ARM
		{75F141AA-7B36-486C-8F56-55B1D1D0AC68}.Release|x64.ActiveCfg = Release|x64
		{75F141AA-7B36-486C-8F56-55B1D1D0AC68}.Release|x64.Build.0 = Release|x64
		{75F141AA-7B36-486C-8F56-55B1D1D0AC68}.Release|x64.Deploy.0 = Release|x64
		{75F141AA-7B36-486C-8F56-55B1D1D0AC68}.Release|x86.ActiveCfg = Release|x86
		{75F141AA-7B36-486C-8F56-55B1D1D0AC68}.Release|x86.Build.0 = Release|x86
		{75F141AA-7B36-486C-8F56-55B1D1D0AC68}.Release|x86.Deploy.0 = Release|x86
		{D0083E15-675E-426E-9ABF-FBFE57C9A649}.Debug|Any CPU.ActiveCfg = Debug|Any CPU
		{D0083E15-675E-426E-9ABF-FBFE57C9A649}.Debug|Any CPU.Build.0 = Debug|Any CPU
		{D0083E15-675E-426E-9ABF-FBFE57C9A649}.Debug|ARM.ActiveCfg = Debug|Any CPU
		{D0083E15-675E-426E-9ABF-FBFE57C9A649}.Debug|x64.ActiveCfg = Debug|Any CPU
		{D0083E15-675E-426E-9ABF-FBFE57C9A649}.Debug|x86.ActiveCfg = Debug|Any CPU
		{D0083E15-675E-426E-9ABF-FBFE57C9A649}.Release|Any CPU.ActiveCfg = Release|Any CPU
		{D0083E15-675E-426E-9ABF-FBFE57C9A649}.Release|Any CPU.Build.0 = Release|Any CPU
		{D0083E15-675E-426E-9ABF-FBFE57C9A649}.Release|ARM.ActiveCfg = Release|Any CPU
		{D0083E15-675E-426E-9ABF-FBFE57C9A649}.Release|x64.ActiveCfg = Release|Any CPU
		{D0083E15-675E-426E-9ABF-FBFE57C9A649}.Release|x86.ActiveCfg = Release|Any CPU
		{A942D87C-122B-4F4C-B736-D3B0DE195093}.Debug|Any CPU.ActiveCfg = Debug|Any CPU
		{A942D87C-122B-4F4C-B736-D3B0DE195093}.Debug|Any CPU.Build.0 = Debug|Any CPU
		{A942D87C-122B-4F4C-B736-D3B0DE195093}.Debug|ARM.ActiveCfg = Debug|Any CPU
		{A942D87C-122B-4F4C-B736-D3B0DE195093}.Debug|x64.ActiveCfg = Debug|Any CPU
		{A942D87C-122B-4F4C-B736-D3B0DE195093}.Debug|x86.ActiveCfg = Debug|Any CPU
		{A942D87C-122B-4F4C-B736-D3B0DE195093}.Release|Any CPU.ActiveCfg = Release|Any CPU
		{A942D87C-122B-4F4C-B736-D3B0DE195093}.Release|Any CPU.Build.0 = Release|Any CPU
		{A942D87C-122B-4F4C-B736-D3B0DE195093}.Release|ARM.ActiveCfg = Release|Any CPU
		{A942D87C-122B-4F4C-B736-D3B0DE195093}.Release|x64.ActiveCfg = Release|Any CPU
		{A942D87C-122B-4F4C-B736-D3B0DE195093}.Release|x86.ActiveCfg = Release|Any CPU
	EndGlobalSection
	GlobalSection(SolutionProperties) = preSolution
		HideSolutionNode = FALSE
	EndGlobalSection
EndGlobal
